github.com/SpineEventEngine/site-commons v0.0.0-20260205184341-d8094d2e8046 h1:tOVP7P9KYkYktDQCdLA6BdZy/o7H6LTKGX/SXgcaYRs=
github.com/SpineEventEngine/site-commons v0.0.0-20260205184341-d8094d2e8046/go.mod h1:tkAl4StIREKmz9r5PiJtuDhvwMMkFXKWcaTyxhIikho=
github.com/TeamDev-Ltd/site-commons v0.0.0-20251202150534-a795438915ff h1:8kjfGJhf6LeS+IlK9NRktxtcv6O/WDneBuQD3QLPGIs=
github.com/TeamDev-Ltd/site-commons v0.0.0-20251202150534-a795438915ff/go.mod h1:atDeksDWBzsIidpW6Ivz2yYHwp2JPa1i1KXIxkctQ3c=
